
Microsoft Visual Studio Solution File, Format Version 12.00
# Visual Studio Version 17
VisualStudioVersion = 17.10.35122.118
MinimumVisualStudioVersion = 10.0.40219.1
Project("{8BC9CEB8-8B4A-11D0-8D11-00A0C91BC942}") = "ContactManager", "ContactManager\ContactManager.vcxproj", "{91894AB4-9A80-4149-97C0-20BAADCF1E85}"
EndProject
Global
	GlobalSection(SolutionConfigurationPlatforms) = preSolution
		Debug|x64 = Debug|x64
		Debug|x86 = Debug|x86
		Release|x64 = Release|x64
		Release|x86 = Release|x86
	EndGlobalSection
	GlobalSection(ProjectConfigurationPlatforms) = postSolution
		{91894AB4-9A80-4149-97C0-20BAADCF1E85}.Debug|x64.ActiveCfg = Debug|x64
		{91894AB4-9A80-4149-97C0-20BAADCF1E85}.Debug|x64.Build.0 = Debug|x64
		{91894AB4-9A80-4149-97C0-20BAADCF1E85}.Debug|x86.ActiveCfg = Debug|Win32
		{91894AB4-9A80-4149-97C0-20BAADCF1E85}.Debug|x86.Build.0 = Debug|Win32
		{91894AB4-9A80-4149-97C0-20BAADCF1E85}.Release|x64.ActiveCfg = Release|x64
		{91894AB4-9A80-4149-97C0-20BAADCF1E85}.Release|x64.Build.0 = Release|x64
		{91894AB4-9A80-4149-97C0-20BAADCF1E85}.Release|x86.ActiveCfg = Release|Win32
		{91894AB4-9A80-4149-97C0-20BAADCF1E85}.Release|x86.Build.0 = Release|Win32
	EndGlobalSection
	GlobalSection(SolutionProperties) = preSolution
		HideSolutionNode = FALSE
	EndGlobalSection
	GlobalSection(ExtensibilityGlobals) = postSolution
		SolutionGuid = {E3EE1825-B290-4190-954E-A233BE98F311}
	EndGlobalSection
EndGlobal
