
Microsoft Visual Studio Solution File, Format Version 12.00
# Visual Studio Version 17
VisualStudioVersion = 17.11.35222.181
MinimumVisualStudioVersion = 10.0.40219.1
Project("{FAE04EC0-301F-11D3-BF4B-00C04F79EFBC}") = "ContactManager", "ContactManager\ContactManager.csproj", "{7F281AFB-95F6-4AF4-862D-3A9D63295E7E}"
EndProject
Global
	GlobalSection(SolutionConfigurationPlatforms) = preSolution
		Debug|Any CPU = Debug|Any CPU
		Release|Any CPU = Release|Any CPU
	EndGlobalSection
	GlobalSection(ProjectConfigurationPlatforms) = postSolution
		{7F281AFB-95F6-4AF4-862D-3A9D63295E7E}.Debug|Any CPU.ActiveCfg = Debug|Any CPU
		{7F281AFB-95F6-4AF4-862D-3A9D63295E7E}.Debug|Any CPU.Build.0 = Debug|Any CPU
		{7F281AFB-95F6-4AF4-862D-3A9D63295E7E}.Release|Any CPU.ActiveCfg = Release|Any CPU
		{7F281AFB-95F6-4AF4-862D-3A9D63295E7E}.Release|Any CPU.Build.0 = Release|Any CPU
	EndGlobalSection
	GlobalSection(SolutionProperties) = preSolution
		HideSolutionNode = FALSE
	EndGlobalSection
	GlobalSection(ExtensibilityGlobals) = postSolution
		SolutionGuid = {4B738D00-DD37-48A1-A901-1AD209CA0A02}
	EndGlobalSection
EndGlobal
